
Microsoft Visual Studio Solution File, Format Version 12.00
# Visual Studio Version 16
VisualStudioVersion = 16.6.30114.105
MinimumVisualStudioVersion = 10.0.40219.1
Project("{FAE04EC0-301F-11D3-BF4B-00C04F79EFBC}") = "API", "API\API.csproj", "{723B27E9-97BB-4CEC-8549-E425FF3E8CE1}"
EndProject
Project("{FAE04EC0-301F-11D3-BF4B-00C04F79EFBC}") = "Application", "Application\Application.csproj", "{74443A8E-CCC2-40A4-8422-ED3576DB6E13}"
EndProject
Project("{FAE04EC0-301F-11D3-BF4B-00C04F79EFBC}") = "Domain", "Domain\Domain.csproj", "{846A3678-D07F-47A4-9603-DBF202D0D3D4}"
EndProject
Project("{FAE04EC0-301F-11D3-BF4B-00C04F79EFBC}") = "Persistence", "Persistence\Persistence.csproj", "{141774B3-4B2D-4EF2-AE4B-C0EAD44430B7}"
EndProject
Global
	GlobalSection(SolutionConfigurationPlatforms) = preSolution
		Debug|Any CPU = Debug|Any CPU
		Debug|x64 = Debug|x64
		Debug|x86 = Debug|x86
		Release|Any CPU = Release|Any CPU
		Release|x64 = Release|x64
		Release|x86 = Release|x86
	EndGlobalSection
	GlobalSection(SolutionProperties) = preSolution
		HideSolutionNode = FALSE
	EndGlobalSection
	GlobalSection(ProjectConfigurationPlatforms) = postSolution
		{723B27E9-97BB-4CEC-8549-E425FF3E8CE1}.Debug|Any CPU.ActiveCfg = Debug|Any CPU
		{723B27E9-97BB-4CEC-8549-E425FF3E8CE1}.Debug|Any CPU.Build.0 = Debug|Any CPU
		{723B27E9-97BB-4CEC-8549-E425FF3E8CE1}.Debug|x64.ActiveCfg = Debug|Any CPU
		{723B27E9-97BB-4CEC-8549-E425FF3E8CE1}.Debug|x64.Build.0 = Debug|Any CPU
		{723B27E9-97BB-4CEC-8549-E425FF3E8CE1}.Debug|x86.ActiveCfg = Debug|Any CPU
		{723B27E9-97BB-4CEC-8549-E425FF3E8CE1}.Debug|x86.Build.0 = Debug|Any CPU
		{723B27E9-97BB-4CEC-8549-E425FF3E8CE1}.Release|Any CPU.ActiveCfg = Release|Any CPU
		{723B27E9-97BB-4CEC-8549-E425FF3E8CE1}.Release|Any CPU.Build.0 = Release|Any CPU
		{723B27E9-97BB-4CEC-8549-E425FF3E8CE1}.Release|x64.ActiveCfg = Release|Any CPU
		{723B27E9-97BB-4CEC-8549-E425FF3E8CE1}.Release|x64.Build.0 = Release|Any CPU
		{723B27E9-97BB-4CEC-8549-E425FF3E8CE1}.Release|x86.ActiveCfg = Release|Any CPU
		{723B27E9-97BB-4CEC-8549-E425FF3E8CE1}.Release|x86.Build.0 = Release|Any CPU
		{74443A8E-CCC2-40A4-8422-ED3576DB6E13}.Debug|Any CPU.ActiveCfg = Debug|Any CPU
		{74443A8E-CCC2-40A4-8422-ED3576DB6E13}.Debug|Any CPU.Build.0 = Debug|Any CPU
		{74443A8E-CCC2-40A4-8422-ED3576DB6E13}.Debug|x64.ActiveCfg = Debug|Any CPU
		{74443A8E-CCC2-40A4-8422-ED3576DB6E13}.Debug|x64.Build.0 = Debug|Any CPU
		{74443A8E-CCC2-40A4-8422-ED3576DB6E13}.Debug|x86.ActiveCfg = Debug|Any CPU
		{74443A8E-CCC2-40A4-8422-ED3576DB6E13}.Debug|x86.Build.0 = Debug|Any CPU
		{74443A8E-CCC2-40A4-8422-ED3576DB6E13}.Release|Any CPU.ActiveCfg = Release|Any CPU
		{74443A8E-CCC2-40A4-8422-ED3576DB6E13}.Release|Any CPU.Build.0 = Release|Any CPU
		{74443A8E-CCC2-40A4-8422-ED3576DB6E13}.Release|x64.ActiveCfg = Release|Any CPU
		{74443A8E-CCC2-40A4-8422-ED3576DB6E13}.Release|x64.Build.0 = Release|Any CPU
		{74443A8E-CCC2-40A4-8422-ED3576DB6E13}.Release|x86.ActiveCfg = Release|Any CPU
		{74443A8E-CCC2-40A4-8422-ED3576DB6E13}.Release|x86.Build.0 = Release|Any CPU
		{846A3678-D07F-47A4-9603-DBF202D0D3D4}.Debug|Any CPU.ActiveCfg = Debug|Any CPU
		{846A3678-D07F-47A4-9603-DBF202D0D3D4}.Debug|Any CPU.Build.0 = Debug|Any CPU
		{846A3678-D07F-47A4-9603-DBF202D0D3D4}.Debug|x64.ActiveCfg = Debug|Any CPU
		{846A3678-D07F-47A4-9603-DBF202D0D3D4}.Debug|x64.Build.0 = Debug|Any CPU
		{846A3678-D07F-47A4-9603-DBF202D0D3D4}.Debug|x86.ActiveCfg = Debug|Any CPU
		{846A3678-D07F-47A4-9603-DBF202D0D3D4}.Debug|x86.Build.0 = Debug|Any CPU
		{846A3678-D07F-47A4-9603-DBF202D0D3D4}.Release|Any CPU.ActiveCfg = Release|Any CPU
		{846A3678-D07F-47A4-9603-DBF202D0D3D4}.Release|Any CPU.Build.0 = Release|Any CPU
		{846A3678-D07F-47A4-9603-DBF202D0D3D4}.Release|x64.ActiveCfg = Release|Any CPU
		{846A3678-D07F-47A4-9603-DBF202D0D3D4}.Release|x64.Build.0 = Release|Any CPU
		{846A3678-D07F-47A4-9603-DBF202D0D3D4}.Release|x86.ActiveCfg = Release|Any CPU
		{846A3678-D07F-47A4-9603-DBF202D0D3D4}.Release|x86.Build.0 = Release|Any CPU
		{141774B3-4B2D-4EF2-AE4B-C0EAD44430B7}.Debug|Any CPU.ActiveCfg = Debug|Any CPU
		{141774B3-4B2D-4EF2-AE4B-C0EAD44430B7}.Debug|Any CPU.Build.0 = Debug|Any CPU
		{141774B3-4B2D-4EF2-AE4B-C0EAD44430B7}.Debug|x64.ActiveCfg = Debug|Any CPU
		{141774B3-4B2D-4EF2-AE4B-C0EAD44430B7}.Debug|x64.Build.0 = Debug|Any CPU
		{141774B3-4B2D-4EF2-AE4B-C0EAD44430B7}.Debug|x86.ActiveCfg = Debug|Any CPU
		{141774B3-4B2D-4EF2-AE4B-C0EAD44430B7}.Debug|x86.Build.0 = Debug|Any CPU
		{141774B3-4B2D-4EF2-AE4B-C0EAD44430B7}.Release|Any CPU.ActiveCfg = Release|Any CPU
		{141774B3-4B2D-4EF2-AE4B-C0EAD44430B7}.Release|Any CPU.Build.0 = Release|Any CPU
		{141774B3-4B2D-4EF2-AE4B-C0EAD44430B7}.Release|x64.ActiveCfg = Release|Any CPU
		{141774B3-4B2D-4EF2-AE4B-C0EAD44430B7}.Release|x64.Build.0 = Release|Any CPU
		{141774B3-4B2D-4EF2-AE4B-C0EAD44430B7}.Release|x86.ActiveCfg = Release|Any CPU
		{141774B3-4B2D-4EF2-AE4B-C0EAD44430B7}.Release|x86.Build.0 = Release|Any CPU
	EndGlobalSection
EndGlobal
